
Microsoft Visual Studio Solution File, Format Version 12.00
# Visual Studio Version 17
VisualStudioVersion = 17.4.33103.184
MinimumVisualStudioVersion = 10.0.40219.1
Project("{FAE04EC0-301F-11D3-BF4B-00C04F79EFBC}") = "CatAndMause", "CatAndMause\CatAndMause.csproj", "{4A9A869F-12BC-4CE9-9B98-5EBE916065CC}"
EndProject
Global
	GlobalSection(SolutionConfigurationPlatforms) = preSolution
		Debug|Any CPU = Debug|Any CPU
		Release|Any CPU = Release|Any CPU
	EndGlobalSection
	GlobalSection(ProjectConfigurationPlatforms) = postSolution
		{4A9A869F-12BC-4CE9-9B98-5EBE916065CC}.Debug|Any CPU.ActiveCfg = Debug|Any CPU
		{4A9A869F-12BC-4CE9-9B98-5EBE916065CC}.Debug|Any CPU.Build.0 = Debug|Any CPU
		{4A9A869F-12BC-4CE9-9B98-5EBE916065CC}.Release|Any CPU.ActiveCfg = Release|Any CPU
		{4A9A869F-12BC-4CE9-9B98-5EBE916065CC}.Release|Any CPU.Build.0 = Release|Any CPU
	EndGlobalSection
	GlobalSection(SolutionProperties) = preSolution
		HideSolutionNode = FALSE
	EndGlobalSection
	GlobalSection(ExtensibilityGlobals) = postSolution
		SolutionGuid = {63DBEDA0-F662-4391-AF5B-C399268CE944}
	EndGlobalSection
EndGlobal
